
Microsoft Visual Studio Solution File, Format Version 12.00
# Visual Studio Version 17
VisualStudioVersion = 17.14.37027.9 d17.14
MinimumVisualStudioVersion = 10.0.40219.1
Project("{FAE04EC0-301F-11D3-BF4B-00C04F79EFBC}") = "SM_OS", "SM_OS\SM_OS.csproj", "{2305EDA5-EFC0-41DF-B6E4-171C5A33420D}"
EndProject
Global
	GlobalSection(SolutionConfigurationPlatforms) = preSolution
		Debug|Any CPU = Debug|Any CPU
		Release|Any CPU = Release|Any CPU
	EndGlobalSection
	GlobalSection(ProjectConfigurationPlatforms) = postSolution
		{2305EDA5-EFC0-41DF-B6E4-171C5A33420D}.Debug|Any CPU.ActiveCfg = Debug|Any CPU
		{2305EDA5-EFC0-41DF-B6E4-171C5A33420D}.Debug|Any CPU.Build.0 = Debug|Any CPU
		{2305EDA5-EFC0-41DF-B6E4-171C5A33420D}.Release|Any CPU.ActiveCfg = Release|Any CPU
		{2305EDA5-EFC0-41DF-B6E4-171C5A33420D}.Release|Any CPU.Build.0 = Release|Any CPU
	EndGlobalSection
	GlobalSection(SolutionProperties) = preSolution
		HideSolutionNode = FALSE
	EndGlobalSection
	GlobalSection(ExtensibilityGlobals) = postSolution
		SolutionGuid = {8C80C4EC-326B-4F06-BF24-AA685FAA514C}
	EndGlobalSection
EndGlobal
